// !$*UTF8*$!
{
	archiveVersion = 1;
	classes = {
	};
	objectVersion = 46;
	objects = {

/* Begin PBXBuildFile section */
		3237A7C11C0125AE004BA95B /* AppDelegate.swift in Sources */ = {isa = PBXBuildFile; fileRef = 3237A7C01C0125AE004BA95B /* AppDelegate.swift */; };
		3237A7C31C0125AE004BA95B /* ViewController.swift in Sources */ = {isa = PBXBuildFile; fileRef = 3237A7C21C0125AE004BA95B /* ViewController.swift */; };
		3237A7C61C0125AE004BA95B /* Main.storyboard in Resources */ = {isa = PBXBuildFile; fileRef = 3237A7C41C0125AE004BA95B /* Main.storyboard */; };
		3237A7C81C0125AE004BA95B /* Assets.xcassets in Resources */ = {isa = PBXBuildFile; fileRef = 3237A7C71C0125AE004BA95B /* Assets.xcassets */; };
		3237A7CB1C0125AE004BA95B /* LaunchScreen.storyboard in Resources */ = {isa = PBXBuildFile; fileRef = 3237A7C91C0125AE004BA95B /* LaunchScreen.storyboard */; };
/* End PBXBuildFile section */

/* Begin PBXFileReference section */
		3237A7BD1C0125AE004BA95B /* SlideMenuSample.app */ = {isa = PBXFileReference; explicitFileType = wrapper.application; includeInIndex = 0; path = SlideMenuSample.app; sourceTree = BUILT_PRODUCTS_DIR; };
		3237A7C01C0125AE004BA95B /* AppDelegate.swift */ = {isa = PBXFileReference; lastKnownFileType = sourcecode.swift; path = AppDelegate.swift; sourceTree = "<group>"; };
		3237A7C21C0125AE004BA95B /* ViewController.swift */ = {isa = PBXFileReference; lastKnownFileType = sourcecode.swift; path = ViewController.swift; sourceTree = "<group>"; };
		3237A7C51C0125AE004BA95B /* Base */ = {isa = PBXFileReference; lastKnownFileType = file.storyboard; name = Base; path = Base.lproj/Main.storyboard; sourceTree = "<group>"; };
		3237A7C71C0125AE004BA95B /* Assets.xcassets */ = {isa = PBXFileReference; lastKnownFileType = folder.assetcatalog; path = Assets.xcassets; sourceTree = "<group>"; };
		3237A7CA1C0125AE004BA95B /* Base */ = {isa = PBXFileReference; lastKnownFileType = file.storyboard; name = Base; path = Base.lproj/LaunchScreen.storyboard; sourceTree = "<group>"; };
		3237A7CC1C0125AE004BA95B /* Info.plist */ = {isa = PBXFileReference; lastKnownFileType = text.plist.xml; path = Info.plist; sourceTree = "<group>"; };
/* End PBXFileReference section */

/* Begin PBXFrameworksBuildPhase section */
		3237A7BA1C0125AE004BA95B /* Frameworks */ = {
			isa = PBXFrameworksBuildPhase;
			buildActionMask = 2147483647;
			files = (
			);
			runOnlyForDeploymentPostprocessing = 0;
		};
/* End PBXFrameworksBuildPhase section */

/* Begin PBXGroup section */
		3237A7B41C0125AE004BA95B = {
			isa = PBXGroup;
			children = (
				3237A7BF1C0125AE004BA95B /* SlideMenuSample */,
				3237A7BE1C0125AE004BA95B /* Products */,
			);
			sourceTree = "<group>";
		};
		3237A7BE1C0125AE004BA95B /* Products */ = {
			isa = PBXGroup;
			children = (
				3237A7BD1C0125AE004BA95B /* SlideMenuSample.app */,
			);
			name = Products;
			sourceTree = "<group>";
		};
		3237A7BF1C0125AE004BA95B /* SlideMenuSample */ = {
			isa = PBXGroup;
			children = (
				3237A7C01C0125AE004BA95B /* AppDelegate.swift */,
				3237A7C21C0125AE004BA95B /* ViewController.swift */,
				3237A7C41C0125AE004BA95B /* Main.storyboard */,
				3237A7C71C0125AE004BA95B /* Assets.xcassets */,
				3237A7C91C0125AE004BA95B /* LaunchScreen.storyboard */,
				3237A7CC1C0125AE004BA95B /* Info.plist */,
			);
			path = SlideMenuSample;
			sourceTree = "<group>";
		};
/* End PBXGroup section */

/* Begin PBXNativeTarget section */
		3237A7BC1C0125AE004BA95B /* SlideMenuSample */ = {
			isa = PBXNativeTarget;
			buildConfigurationList = 3237A7CF1C0125AE004BA95B /* Build configuration list for PBXNativeTarget "SlideMenuSample" */;
			buildPhases = (
				3237A7B91C0125AE004BA95B /* Sources */,
				3237A7BA1C0125AE004BA95B /* Frameworks */,
				3237A7BB1C0125AE004BA95B /* Resources */,
			);
			buildRules = (
			);
			dependencies = (
			);
			name = SlideMenuSample;
			productName = SlideMenuSample;
			productReference = 3237A7BD1C0125AE004BA95B /* SlideMenuSample.app */;
			productType = "com.apple.product-type.application";
		};
/* End PBXNativeTarget section */

/* Begin PBXProject section */
		3237A7B51C0125AE004BA95B /* Project object */ = {
			isa = PBXProject;
			attributes = {
				LastSwiftUpdateCheck = 0710;
				LastUpgradeCheck = 0710;
				ORGANIZATIONNAME = mzgk;
				TargetAttributes = {
					3237A7BC1C0125AE004BA95B = {
						CreatedOnToolsVersion = 7.1.1;
						DevelopmentTeam = 4BES6VC9E8;
					};
				};
			};
			buildConfigurationList = 3237A7B81C0125AE004BA95B /* Build configuration list for PBXProject "SlideMenuSample" */;
			compatibilityVersion = "Xcode 3.2";
			developmentRegion = English;
			hasScannedForEncodings = 0;
			knownRegions = (
				en,
				Base,
			);
			mainGroup = 3237A7B41C0125AE004BA95B;
			productRefGroup = 3237A7BE1C0125AE004BA95B /* Products */;
			projectDirPath = "";
			projectRoot = "";
			targets = (
				3237A7BC1C0125AE004BA95B /* SlideMenuSample */,
			);
		};
/* End PBXProject section */

/* Begin PBXResourcesBuildPhase section */
		3237A7BB1C0125AE004BA95B /* Resources */ = {
			isa = PBXResourcesBuildPhase;
			buildActionMask = 2147483647;
			files = (
				3237A7CB1C0125AE004BA95B /* LaunchScreen.storyboard in Resources */,
				3237A7C81C0125AE004BA95B /* Assets.xcassets in Resources */,
				3237A7C61C0125AE004BA95B /* Main.storyboard in Resources */,
			);
			runOnlyForDeploymentPostprocessing = 0;
		};
/* End PBXResourcesBuildPhase section */

/* Begin PBXSourcesBuildPhase section */
		3237A7B91C0125AE004BA95B /* Sources */ = {
			isa = PBXSourcesBuildPhase;
			buildActionMask = 2147483647;
			files = (
				3237A7C31C0125AE004BA95B /* ViewController.swift in Sources */,
				3237A7C11C0125AE004BA95B /* AppDelegate.swift in Sources */,
			);
			runOnlyForDeploymentPostprocessing = 0;
		};
/* End PBXSourcesBuildPhase section */

/* Begin PBXVariantGroup section */
		3237A7C41C0125AE004BA95B /* Main.storyboard */ = {
			isa = PBXVariantGroup;
			children = (
				3237A7C51C0125AE004BA95B /* Base */,
			);
			name = Main.storyboard;
			sourceTree = "<group>";
		};
		3237A7C91C0125AE004BA95B /* LaunchScreen.storyboard */ = {
			isa = PBXVariantGroup;
			children = (
				3237A7CA1C0125AE004BA95B /* Base */,
			);
			name = LaunchScreen.storyboard;
			sourceTree = "<group>";
		};
/* End PBXVariantGroup section */

/* Begin XCBuildConfiguration section */
		3237A7CD1C0125AE004BA95B /* Debug */ = {
			isa = XCBuildConfiguration;
			buildSettings = {
				ALWAYS_SEARCH_USER_PATHS = NO;
				CLANG_CXX_LANGUAGE_STANDARD = "gnu++0x";
				CLANG_CXX_LIBRARY = "libc++";
				CLANG_ENABLE_MODULES = YES;
				CLANG_ENABLE_OBJC_ARC = YES;
				CLANG_WARN_BOOL_CONVERSION = YES;
				CLANG_WARN_CONSTANT_CONVERSION = YES;
				CLANG_WARN_DIRECT_OBJC_ISA_USAGE = YES_ERROR;
				CLANG_WARN_EMPTY_BODY = YES;
				CLANG_WARN_ENUM_CONVERSION = YES;
				CLANG_WARN_INT_CONVERSION = YES;
				CLANG_WARN_OBJC_ROOT_CLASS = YES_ERROR;
				CLANG_WARN_UNREACHABLE_CODE = YES;
				CLANG_WARN__DUPLICATE_METHOD_MATCH = YES;
				"CODE_SIGN_IDENTITY[sdk=iphoneos*]" = "iPhone Developer";
				COPY_PHASE_STRIP = NO;
				DEBUG_INFORMATION_FORMAT = dwarf;
				ENABLE_STRICT_OBJC_MSGSEND = YES;
				ENABLE_TESTABILITY = YES;
				GCC_C_LANGUAGE_STANDARD = gnu99;
				GCC_DYNAMIC_NO_PIC = NO;
				GCC_NO_COMMON_BLOCKS = YES;
				GCC_OPTIMIZATION_LEVEL = 0;
				GCC_PREPROCESSOR_DEFINITIONS = (
					"DEBUG=1",
					"$(inherited)",
				);
				GCC_WARN_64_TO_32_BIT_CONVERSION = YES;
				GCC_WARN_ABOUT_RETURN_TYPE = YES_ERROR;
				GCC_WARN_UNDECLARED_SELECTOR = YES;
				GCC_WARN_UNINITIALIZED_AUTOS = YES_AGGRESSIVE;
				GCC_WARN_UNUSED_FUNCTION = YES;
				GCC_WARN_UNUSED_VARIABLE = YES;
				IPHONEOS_DEPLOYMENT_TARGET = 8.1;
				MTL_ENABLE_DEBUG_INFO = YES;
				ONLY_ACTIVE_ARCH = YES;
				SDKROOT = iphoneos;
				SWIFT_OPTIMIZATION_LEVEL = "-Onone";
			};
			name = Debug;
		};
		3237A7CE1C0125AE004BA95B /* Release */ = {
			isa = XCBuildConfiguration;
			buildSettings = {
				ALWAYS_SEARCH_USER_PATHS = NO;
				CLANG_CXX_LANGUAGE_STANDARD = "gnu++0x";
				CLANG_CXX_LIBRARY = "libc++";
				CLANG_ENABLE_MODULES = YES;
				CLANG_ENABLE_OBJC_ARC = YES;
				CLANG_WARN_BOOL_CONVERSION = YES;
				CLANG_WARN_CONSTANT_CONVERSION = YES;
				CLANG_WARN_DIRECT_OBJC_ISA_USAGE = YES_ERROR;
				CLANG_WARN_EMPTY_BODY = YES;
				CLANG_WARN_ENUM_CONVERSION = YES;
				CLANG_WARN_INT_CONVERSION = YES;
				CLANG_WARN_OBJC_ROOT_CLASS = YES_ERROR;
				CLANG_WARN_UNREACHABLE_CODE = YES;
				CLANG_WARN__DUPLICATE_METHOD_MATCH = YES;
				"CODE_SIGN_IDENTITY[sdk=iphoneos*]" = "iPhone Developer";
				COPY_PHASE_STRIP = NO;
				DEBUG_INFORMATION_FORMAT = "dwarf-with-dsym";
				ENABLE_NS_ASSERTIONS = NO;
				ENABLE_STRICT_OBJC_MSGSEND = YES;
				GCC_C_LANGUAGE_STANDARD = gnu99;
				GCC_NO_COMMON_BLOCKS = YES;
				GCC_WARN_64_TO_32_BIT_CONVERSION = YES;
				GCC_WARN_ABOUT_RETURN_TYPE = YES_ERROR;
				GCC_WARN_UNDECLARED_SELECTOR = YES;
				GCC_WARN_UNINITIALIZED_AUTOS = YES_AGGRESSIVE;
				GCC_WARN_UNUSED_FUNCTION = YES;
				GCC_WARN_UNUSED_VARIABLE = YES;
				IPHONEOS_DEPLOYMENT_TARGET = 8.1;
				MTL_ENABLE_DEBUG_INFO = NO;
				SDKROOT = iphoneos;
				VALIDATE_PRODUCT = YES;
			};
			name = Release;
		};
		3237A7D01C0125AE004BA95B /* Debug */ = {
			isa = XCBuildConfiguration;
			buildSettings = {
				ASSETCATALOG_COMPILER_APPICON_NAME = AppIcon;
				CODE_SIGN_IDENTITY = "iPhone Developer";
				INFOPLIST_FILE = SlideMenuSample/Info.plist;
				LD_RUNPATH_SEARCH_PATHS = "$(inherited) @executable_path/Frameworks";
				PRODUCT_BUNDLE_IDENTIFIER = com.mzgkworks.SlideMenuSample;
				PRODUCT_NAME = "$(TARGET_NAME)";
			};
			name = Debug;
		};
		3237A7D11C0125AE004BA95B /* Release */ = {
			isa = XCBuildConfiguration;
			buildSettings = {
				ASSETCATALOG_COMPILER_APPICON_NAME = AppIcon;
				CODE_SIGN_IDENTITY = "iPhone Developer";
				INFOPLIST_FILE = SlideMenuSample/Info.plist;
				LD_RUNPATH_SEARCH_PATHS = "$(inherited) @executable_path/Frameworks";
				PRODUCT_BUNDLE_IDENTIFIER = com.mzgkworks.SlideMenuSample;
				PRODUCT_NAME = "$(TARGET_NAME)";
			};
			name = Release;
		};
/* End XCBuildConfiguration section */

/* Begin XCConfigurationList section */
		3237A7B81C0125AE004BA95B /* Build configuration list for PBXProject "SlideMenuSample" */ = {
			isa = XCConfigurationList;
			buildConfigurations = (
				3237A7CD1C0125AE004BA95B /* Debug */,
				3237A7CE1C0125AE004BA95B /* Release */,
			);
			defaultConfigurationIsVisible = 0;
			defaultConfigurationName = Release;
		};
		3237A7CF1C0125AE004BA95B /* Build configuration list for PBXNativeTarget "SlideMenuSample" */ = {
			isa = XCConfigurationList;
			buildConfigurations = (
				3237A7D01C0125AE004BA95B /* Debug */,
				3237A7D11C0125AE004BA95B /* Release */,
			);
			defaultConfigurationIsVisible = 0;
		};
/* End XCConfigurationList section */
	};
	rootObject = 3237A7B51C0125AE004BA95B /* Project object */;
}
